// !$*UTF8*$!
{
	archiveVersion = 1;
	classes = {
	};
	objectVersion = 48;
	objects = {

/* Begin PBXBuildFile section */
		2D90386D571AF2951C4C50E6 /* Pods_trial_3.framework in Frameworks */ = {isa = PBXBuildFile; fileRef = B574E680A3E91938ADED7899 /* Pods_trial_3.framework */; };
		456B082820C04B9C00708985 /* FirebaseHelper.swift in Sources */ = {isa = PBXBuildFile; fileRef = 456B082720C04B9C00708985 /* FirebaseHelper.swift */; };
		456B082A20C057D500708985 /* DetectionVC.swift in Sources */ = {isa = PBXBuildFile; fileRef = 456B082920C057D500708985 /* DetectionVC.swift */; };
		4591947320BDB2F000263A55 /* Imaging.swift in Sources */ = {isa = PBXBuildFile; fileRef = 4591947220BDB2F000263A55 /* Imaging.swift */; };
		4591947720BDC59700263A55 /* Main.storyboard in Resources */ = {isa = PBXBuildFile; fileRef = 4591947620BDC59700263A55 /* Main.storyboard */; };
		4591947920BDC62000263A55 /* LaunchScreen.storyboard in Resources */ = {isa = PBXBuildFile; fileRef = 4591947820BDC62000263A55 /* LaunchScreen.storyboard */; };
		4591947B20BEC82600263A55 /* LoginHelper.swift in Sources */ = {isa = PBXBuildFile; fileRef = 4591947A20BEC82600263A55 /* LoginHelper.swift */; };
		4591947D20BEF92A00263A55 /* GoogleService-Info.plist in Resources */ = {isa = PBXBuildFile; fileRef = 4591947C20BEF90500263A55 /* GoogleService-Info.plist */; };
		4591947F20BEFB2C00263A55 /* LoginVC.swift in Sources */ = {isa = PBXBuildFile; fileRef = 4591947E20BEFB2B00263A55 /* LoginVC.swift */; };
		45C66E0420BF0EF200A0A04A /* SetNameVC.swift in Sources */ = {isa = PBXBuildFile; fileRef = 45C66E0320BF0EF200A0A04A /* SetNameVC.swift */; };
		45C66E0620BF233100A0A04A /* InfoVC.swift in Sources */ = {isa = PBXBuildFile; fileRef = 45C66E0520BF233100A0A04A /* InfoVC.swift */; };
		AC3474BE20B1BDC40053EAC3 /* AppDelegate.swift in Sources */ = {isa = PBXBuildFile; fileRef = AC3474BD20B1BDC40053EAC3 /* AppDelegate.swift */; };
		AC3474C020B1BDC40053EAC3 /* ViewController.swift in Sources */ = {isa = PBXBuildFile; fileRef = AC3474BF20B1BDC40053EAC3 /* ViewController.swift */; };
		AC3474C520B1BDC40053EAC3 /* Assets.xcassets in Resources */ = {isa = PBXBuildFile; fileRef = AC3474C420B1BDC40053EAC3 /* Assets.xcassets */; };
/* End PBXBuildFile section */

/* Begin PBXFileReference section */
		456B082720C04B9C00708985 /* FirebaseHelper.swift */ = {isa = PBXFileReference; lastKnownFileType = sourcecode.swift; path = FirebaseHelper.swift; sourceTree = "<group>"; };
		456B082920C057D500708985 /* DetectionVC.swift */ = {isa = PBXFileReference; lastKnownFileType = sourcecode.swift; path = DetectionVC.swift; sourceTree = "<group>"; };
		4591947220BDB2F000263A55 /* Imaging.swift */ = {isa = PBXFileReference; lastKnownFileType = sourcecode.swift; path = Imaging.swift; sourceTree = "<group>"; };
		4591947620BDC59700263A55 /* Main.storyboard */ = {isa = PBXFileReference; lastKnownFileType = file.storyboard; path = Main.storyboard; sourceTree = "<group>"; };
		4591947820BDC62000263A55 /* LaunchScreen.storyboard */ = {isa = PBXFileReference; lastKnownFileType = file.storyboard; path = LaunchScreen.storyboard; sourceTree = "<group>"; };
		4591947A20BEC82600263A55 /* LoginHelper.swift */ = {isa = PBXFileReference; lastKnownFileType = sourcecode.swift; path = LoginHelper.swift; sourceTree = "<group>"; };
		4591947C20BEF90500263A55 /* GoogleService-Info.plist */ = {isa = PBXFileReference; fileEncoding = 4; lastKnownFileType = text.plist.xml; path = "GoogleService-Info.plist"; sourceTree = "<group>"; };
		4591947E20BEFB2B00263A55 /* LoginVC.swift */ = {isa = PBXFileReference; lastKnownFileType = sourcecode.swift; path = LoginVC.swift; sourceTree = "<group>"; };
		45C66E0320BF0EF200A0A04A /* SetNameVC.swift */ = {isa = PBXFileReference; lastKnownFileType = sourcecode.swift; path = SetNameVC.swift; sourceTree = "<group>"; };
		45C66E0520BF233100A0A04A /* InfoVC.swift */ = {isa = PBXFileReference; lastKnownFileType = sourcecode.swift; path = InfoVC.swift; sourceTree = "<group>"; };
		AC3474BA20B1BDC40053EAC3 /* trial 3.app */ = {isa = PBXFileReference; explicitFileType = wrapper.application; includeInIndex = 0; path = "trial 3.app"; sourceTree = BUILT_PRODUCTS_DIR; };
		AC3474BD20B1BDC40053EAC3 /* AppDelegate.swift */ = {isa = PBXFileReference; lastKnownFileType = sourcecode.swift; path = AppDelegate.swift; sourceTree = "<group>"; };
		AC3474BF20B1BDC40053EAC3 /* ViewController.swift */ = {isa = PBXFileReference; lastKnownFileType = sourcecode.swift; path = ViewController.swift; sourceTree = "<group>"; };
		AC3474C420B1BDC40053EAC3 /* Assets.xcassets */ = {isa = PBXFileReference; lastKnownFileType = folder.assetcatalog; path = Assets.xcassets; sourceTree = "<group>"; };
		AC3474C920B1BDC40053EAC3 /* Info.plist */ = {isa = PBXFileReference; lastKnownFileType = text.plist.xml; path = Info.plist; sourceTree = "<group>"; };
		AEF5AC21B7F64BA0FCE0C95A /* Pods-trial 3.release.xcconfig */ = {isa = PBXFileReference; includeInIndex = 1; lastKnownFileType = text.xcconfig; name = "Pods-trial 3.release.xcconfig"; path = "Pods/Target Support Files/Pods-trial 3/Pods-trial 3.release.xcconfig"; sourceTree = "<group>"; };
		B574E680A3E91938ADED7899 /* Pods_trial_3.framework */ = {isa = PBXFileReference; explicitFileType = wrapper.framework; includeInIndex = 0; path = Pods_trial_3.framework; sourceTree = BUILT_PRODUCTS_DIR; };
		D4A8283B3F003F53787CA077 /* Pods-trial 3.debug.xcconfig */ = {isa = PBXFileReference; includeInIndex = 1; lastKnownFileType = text.xcconfig; name = "Pods-trial 3.debug.xcconfig"; path = "Pods/Target Support Files/Pods-trial 3/Pods-trial 3.debug.xcconfig"; sourceTree = "<group>"; };
/* End PBXFileReference section */

/* Begin PBXFrameworksBuildPhase section */
		AC3474B720B1BDC40053EAC3 /* Frameworks */ = {
			isa = PBXFrameworksBuildPhase;
			buildActionMask = 2147483647;
			files = (
				2D90386D571AF2951C4C50E6 /* Pods_trial_3.framework in Frameworks */,
			);
			runOnlyForDeploymentPostprocessing = 0;
		};
/* End PBXFrameworksBuildPhase section */

/* Begin PBXGroup section */
		14491FE8C36CB0EB94C02B56 /* Frameworks */ = {
			isa = PBXGroup;
			children = (
				B574E680A3E91938ADED7899 /* Pods_trial_3.framework */,
			);
			name = Frameworks;
			sourceTree = "<group>";
		};
		9EAC931F02876FB7463E7167 /* Pods */ = {
			isa = PBXGroup;
			children = (
				D4A8283B3F003F53787CA077 /* Pods-trial 3.debug.xcconfig */,
				AEF5AC21B7F64BA0FCE0C95A /* Pods-trial 3.release.xcconfig */,
			);
			name = Pods;
			sourceTree = "<group>";
		};
		AC3474B120B1BDC40053EAC3 = {
			isa = PBXGroup;
			children = (
				AC3474BC20B1BDC40053EAC3 /* trial 3 */,
				AC3474BB20B1BDC40053EAC3 /* Products */,
				9EAC931F02876FB7463E7167 /* Pods */,
				14491FE8C36CB0EB94C02B56 /* Frameworks */,
			);
			sourceTree = "<group>";
		};
		AC3474BB20B1BDC40053EAC3 /* Products */ = {
			isa = PBXGroup;
			children = (
				AC3474BA20B1BDC40053EAC3 /* trial 3.app */,
			);
			name = Products;
			sourceTree = "<group>";
		};
		AC3474BC20B1BDC40053EAC3 /* trial 3 */ = {
			isa = PBXGroup;
			children = (
				AC3474BD20B1BDC40053EAC3 /* AppDelegate.swift */,
				AC3474BF20B1BDC40053EAC3 /* ViewController.swift */,
				4591947620BDC59700263A55 /* Main.storyboard */,
				4591947820BDC62000263A55 /* LaunchScreen.storyboard */,
				4591947220BDB2F000263A55 /* Imaging.swift */,
				45C66E0520BF233100A0A04A /* InfoVC.swift */,
				4591947A20BEC82600263A55 /* LoginHelper.swift */,
				456B082720C04B9C00708985 /* FirebaseHelper.swift */,
				456B082920C057D500708985 /* DetectionVC.swift */,
				45C66E0320BF0EF200A0A04A /* SetNameVC.swift */,
				4591947E20BEFB2B00263A55 /* LoginVC.swift */,
				4591947C20BEF90500263A55 /* GoogleService-Info.plist */,
				AC3474C420B1BDC40053EAC3 /* Assets.xcassets */,
				AC3474C920B1BDC40053EAC3 /* Info.plist */,
			);
			path = "trial 3";
			sourceTree = "<group>";
		};
/* End PBXGroup section */

/* Begin PBXNativeTarget section */
		AC3474B920B1BDC40053EAC3 /* trial 3 */ = {
			isa = PBXNativeTarget;
			buildConfigurationList = AC3474E220B1BDC50053EAC3 /* Build configuration list for PBXNativeTarget "trial 3" */;
			buildPhases = (
				DBA4C624DBA0E0EA3C2B5DF3 /* [CP] Check Pods Manifest.lock */,
				AC3474B620B1BDC40053EAC3 /* Sources */,
				AC3474B720B1BDC40053EAC3 /* Frameworks */,
				AC3474B820B1BDC40053EAC3 /* Resources */,
				45A274203244C9B826882F1B /* [CP] Embed Pods Frameworks */,
				584A22C411ED999D5EB0663D /* [CP] Copy Pods Resources */,
			);
			buildRules = (
			);
			dependencies = (
			);
			name = "trial 3";
			productName = "trial 3";
			productReference = AC3474BA20B1BDC40053EAC3 /* trial 3.app */;
			productType = "com.apple.product-type.application";
		};
/* End PBXNativeTarget section */

/* Begin PBXProject section */
		AC3474B220B1BDC40053EAC3 /* Project object */ = {
			isa = PBXProject;
			attributes = {
				LastSwiftUpdateCheck = 0920;
				LastUpgradeCheck = 0920;
				ORGANIZATIONNAME = "Guest User";
				TargetAttributes = {
					AC3474B920B1BDC40053EAC3 = {
						CreatedOnToolsVersion = 9.2;
						ProvisioningStyle = Automatic;
					};
				};
			};
			buildConfigurationList = AC3474B520B1BDC40053EAC3 /* Build configuration list for PBXProject "Final App" */;
			compatibilityVersion = "Xcode 8.0";
			developmentRegion = en;
			hasScannedForEncodings = 0;
			knownRegions = (
				en,
				Base,
			);
			mainGroup = AC3474B120B1BDC40053EAC3;
			productRefGroup = AC3474BB20B1BDC40053EAC3 /* Products */;
			projectDirPath = "";
			projectRoot = "";
			targets = (
				AC3474B920B1BDC40053EAC3 /* trial 3 */,
			);
		};
/* End PBXProject section */

/* Begin PBXResourcesBuildPhase section */
		AC3474B820B1BDC40053EAC3 /* Resources */ = {
			isa = PBXResourcesBuildPhase;
			buildActionMask = 2147483647;
			files = (
				4591947D20BEF92A00263A55 /* GoogleService-Info.plist in Resources */,
				AC3474C520B1BDC40053EAC3 /* Assets.xcassets in Resources */,
				4591947920BDC62000263A55 /* LaunchScreen.storyboard in Resources */,
				4591947720BDC59700263A55 /* Main.storyboard in Resources */,
			);
			runOnlyForDeploymentPostprocessing = 0;
		};
/* End PBXResourcesBuildPhase section */

/* Begin PBXShellScriptBuildPhase section */
		45A274203244C9B826882F1B /* [CP] Embed Pods Frameworks */ = {
			isa = PBXShellScriptBuildPhase;
			buildActionMask = 2147483647;
			files = (
			);
			inputPaths = (
				"${SRCROOT}/Pods/Target Support Files/Pods-trial 3/Pods-trial 3-frameworks.sh",
				"${BUILT_PRODUCTS_DIR}/BoringSSL/openssl.framework",
				"${BUILT_PRODUCTS_DIR}/GTMOAuth2/GTMOAuth2.framework",
				"${BUILT_PRODUCTS_DIR}/GTMSessionFetcher/GTMSessionFetcher.framework",
				"${BUILT_PRODUCTS_DIR}/GoogleToolboxForMac/GoogleToolboxForMac.framework",
				"${BUILT_PRODUCTS_DIR}/Protobuf/Protobuf.framework",
				"${BUILT_PRODUCTS_DIR}/gRPC/GRPCClient.framework",
				"${BUILT_PRODUCTS_DIR}/gRPC-Core/grpc.framework",
				"${BUILT_PRODUCTS_DIR}/gRPC-ProtoRPC/ProtoRPC.framework",
				"${BUILT_PRODUCTS_DIR}/gRPC-RxLibrary/RxLibrary.framework",
				"${BUILT_PRODUCTS_DIR}/leveldb-library/leveldb.framework",
				"${BUILT_PRODUCTS_DIR}/nanopb/nanopb.framework",
			);
			name = "[CP] Embed Pods Frameworks";
			outputPaths = (
				"${TARGET_BUILD_DIR}/${FRAMEWORKS_FOLDER_PATH}/openssl.framework",
				"${TARGET_BUILD_DIR}/${FRAMEWORKS_FOLDER_PATH}/GTMOAuth2.framework",
				"${TARGET_BUILD_DIR}/${FRAMEWORKS_FOLDER_PATH}/GTMSessionFetcher.framework",
				"${TARGET_BUILD_DIR}/${FRAMEWORKS_FOLDER_PATH}/GoogleToolboxForMac.framework",
				"${TARGET_BUILD_DIR}/${FRAMEWORKS_FOLDER_PATH}/Protobuf.framework",
				"${TARGET_BUILD_DIR}/${FRAMEWORKS_FOLDER_PATH}/GRPCClient.framework",
				"${TARGET_BUILD_DIR}/${FRAMEWORKS_FOLDER_PATH}/grpc.framework",
				"${TARGET_BUILD_DIR}/${FRAMEWORKS_FOLDER_PATH}/ProtoRPC.framework",
				"${TARGET_BUILD_DIR}/${FRAMEWORKS_FOLDER_PATH}/RxLibrary.framework",
				"${TARGET_BUILD_DIR}/${FRAMEWORKS_FOLDER_PATH}/leveldb.framework",
				"${TARGET_BUILD_DIR}/${FRAMEWORKS_FOLDER_PATH}/nanopb.framework",
			);
			runOnlyForDeploymentPostprocessing = 0;
			shellPath = /bin/sh;
			shellScript = "\"${SRCROOT}/Pods/Target Support Files/Pods-trial 3/Pods-trial 3-frameworks.sh\"\n";
			showEnvVarsInLog = 0;
		};
		584A22C411ED999D5EB0663D /* [CP] Copy Pods Resources */ = {
			isa = PBXShellScriptBuildPhase;
			buildActionMask = 2147483647;
			files = (
			);
			inputPaths = (
				"${SRCROOT}/Pods/Target Support Files/Pods-trial 3/Pods-trial 3-resources.sh",
				"${PODS_ROOT}/GoogleSignIn/Resources/GoogleSignIn.bundle",
			);
			name = "[CP] Copy Pods Resources";
			outputPaths = (
				"${TARGET_BUILD_DIR}/${UNLOCALIZED_RESOURCES_FOLDER_PATH}/GoogleSignIn.bundle",
			);
			runOnlyForDeploymentPostprocessing = 0;
			shellPath = /bin/sh;
			shellScript = "\"${SRCROOT}/Pods/Target Support Files/Pods-trial 3/Pods-trial 3-resources.sh\"\n";
			showEnvVarsInLog = 0;
		};
		DBA4C624DBA0E0EA3C2B5DF3 /* [CP] Check Pods Manifest.lock */ = {
			isa = PBXShellScriptBuildPhase;
			buildActionMask = 2147483647;
			files = (
			);
			inputPaths = (
				"${PODS_PODFILE_DIR_PATH}/Podfile.lock",
				"${PODS_ROOT}/Manifest.lock",
			);
			name = "[CP] Check Pods Manifest.lock";
			outputPaths = (
				"$(DERIVED_FILE_DIR)/Pods-trial 3-checkManifestLockResult.txt",
			);
			runOnlyForDeploymentPostprocessing = 0;
			shellPath = /bin/sh;
			shellScript = "diff \"${PODS_PODFILE_DIR_PATH}/Podfile.lock\" \"${PODS_ROOT}/Manifest.lock\" > /dev/null\nif [ $? != 0 ] ; then\n    # print error to STDERR\n    echo \"error: The sandbox is not in sync with the Podfile.lock. Run 'pod install' or update your CocoaPods installation.\" >&2\n    exit 1\nfi\n# This output is used by Xcode 'outputs' to avoid re-running this script phase.\necho \"SUCCESS\" > \"${SCRIPT_OUTPUT_FILE_0}\"\n";
			showEnvVarsInLog = 0;
		};
/* End PBXShellScriptBuildPhase section */

/* Begin PBXSourcesBuildPhase section */
		AC3474B620B1BDC40053EAC3 /* Sources */ = {
			isa = PBXSourcesBuildPhase;
			buildActionMask = 2147483647;
			files = (
				456B082820C04B9C00708985 /* FirebaseHelper.swift in Sources */,
				AC3474C020B1BDC40053EAC3 /* ViewController.swift in Sources */,
				4591947B20BEC82600263A55 /* LoginHelper.swift in Sources */,
				4591947320BDB2F000263A55 /* Imaging.swift in Sources */,
				AC3474BE20B1BDC40053EAC3 /* AppDelegate.swift in Sources */,
				45C66E0620BF233100A0A04A /* InfoVC.swift in Sources */,
				45C66E0420BF0EF200A0A04A /* SetNameVC.swift in Sources */,
				4591947F20BEFB2C00263A55 /* LoginVC.swift in Sources */,
				456B082A20C057D500708985 /* DetectionVC.swift in Sources */,
			);
			runOnlyForDeploymentPostprocessing = 0;
		};
/* End PBXSourcesBuildPhase section */

/* Begin XCBuildConfiguration section */
		AC3474E020B1BDC50053EAC3 /* Debug */ = {
			isa = XCBuildConfiguration;
			buildSettings = {
				ALWAYS_SEARCH_USER_PATHS = NO;
				CLANG_ANALYZER_NONNULL = YES;
				CLANG_ANALYZER_NUMBER_OBJECT_CONVERSION = YES_AGGRESSIVE;
				CLANG_CXX_LANGUAGE_STANDARD = "gnu++14";
				CLANG_CXX_LIBRARY = "libc++";
				CLANG_ENABLE_MODULES = YES;
				CLANG_ENABLE_OBJC_ARC = YES;
				CLANG_WARN_BLOCK_CAPTURE_AUTORELEASING = YES;
				CLANG_WARN_BOOL_CONVERSION = YES;
				CLANG_WARN_COMMA = YES;
				CLANG_WARN_CONSTANT_CONVERSION = YES;
				CLANG_WARN_DIRECT_OBJC_ISA_USAGE = YES_ERROR;
				CLANG_WARN_DOCUMENTATION_COMMENTS = YES;
				CLANG_WARN_EMPTY_BODY = YES;
				CLANG_WARN_ENUM_CONVERSION = YES;
				CLANG_WARN_INFINITE_RECURSION = YES;
				CLANG_WARN_INT_CONVERSION = YES;
				CLANG_WARN_NON_LITERAL_NULL_CONVERSION = YES;
				CLANG_WARN_OBJC_LITERAL_CONVERSION = YES;
				CLANG_WARN_OBJC_ROOT_CLASS = YES_ERROR;
				CLANG_WARN_RANGE_LOOP_ANALYSIS = YES;
				CLANG_WARN_STRICT_PROTOTYPES = YES;
				CLANG_WARN_SUSPICIOUS_MOVE = YES;
				CLANG_WARN_UNGUARDED_AVAILABILITY = YES_AGGRESSIVE;
				CLANG_WARN_UNREACHABLE_CODE = YES;
				CLANG_WARN__DUPLICATE_METHOD_MATCH = YES;
				CODE_SIGN_IDENTITY = "iPhone Developer";
				COPY_PHASE_STRIP = NO;
				DEBUG_INFORMATION_FORMAT = dwarf;
				ENABLE_STRICT_OBJC_MSGSEND = YES;
				ENABLE_TESTABILITY = YES;
				GCC_C_LANGUAGE_STANDARD = gnu11;
				GCC_DYNAMIC_NO_PIC = NO;
				GCC_NO_COMMON_BLOCKS = YES;
				GCC_OPTIMIZATION_LEVEL = 0;
				GCC_PREPROCESSOR_DEFINITIONS = (
					"DEBUG=1",
					"$(inherited)",
				);
				GCC_WARN_64_TO_32_BIT_CONVERSION = YES;
				GCC_WARN_ABOUT_RETURN_TYPE = YES_ERROR;
				GCC_WARN_UNDECLARED_SELECTOR = YES;
				GCC_WARN_UNINITIALIZED_AUTOS = YES_AGGRESSIVE;
				GCC_WARN_UNUSED_FUNCTION = YES;
				GCC_WARN_UNUSED_VARIABLE = YES;
				IPHONEOS_DEPLOYMENT_TARGET = 11.2;
				MTL_ENABLE_DEBUG_INFO = YES;
				ONLY_ACTIVE_ARCH = YES;
				SDKROOT = iphoneos;
				SWIFT_ACTIVE_COMPILATION_CONDITIONS = DEBUG;
				SWIFT_OPTIMIZATION_LEVEL = "-Onone";
			};
			name = Debug;
		};
		AC3474E120B1BDC50053EAC3 /* Release */ = {
			isa = XCBuildConfiguration;
			buildSettings = {
				ALWAYS_SEARCH_USER_PATHS = NO;
				CLANG_ANALYZER_NONNULL = YES;
				CLANG_ANALYZER_NUMBER_OBJECT_CONVERSION = YES_AGGRESSIVE;
				CLANG_CXX_LANGUAGE_STANDARD = "gnu++14";
				CLANG_CXX_LIBRARY = "libc++";
				CLANG_ENABLE_MODULES = YES;
				CLANG_ENABLE_OBJC_ARC = YES;
				CLANG_WARN_BLOCK_CAPTURE_AUTORELEASING = YES;
				CLANG_WARN_BOOL_CONVERSION = YES;
				CLANG_WARN_COMMA = YES;
				CLANG_WARN_CONSTANT_CONVERSION = YES;
				CLANG_WARN_DIRECT_OBJC_ISA_USAGE = YES_ERROR;
				CLANG_WARN_DOCUMENTATION_COMMENTS = YES;
				CLANG_WARN_EMPTY_BODY = YES;
				CLANG_WARN_ENUM_CONVERSION = YES;
				CLANG_WARN_INFINITE_RECURSION = YES;
				CLANG_WARN_INT_CONVERSION = YES;
				CLANG_WARN_NON_LITERAL_NULL_CONVERSION = YES;
				CLANG_WARN_OBJC_LITERAL_CONVERSION = YES;
				CLANG_WARN_OBJC_ROOT_CLASS = YES_ERROR;
				CLANG_WARN_RANGE_LOOP_ANALYSIS = YES;
				CLANG_WARN_STRICT_PROTOTYPES = YES;
				CLANG_WARN_SUSPICIOUS_MOVE = YES;
				CLANG_WARN_UNGUARDED_AVAILABILITY = YES_AGGRESSIVE;
				CLANG_WARN_UNREACHABLE_CODE = YES;
				CLANG_WARN__DUPLICATE_METHOD_MATCH = YES;
				CODE_SIGN_IDENTITY = "iPhone Developer";
				COPY_PHASE_STRIP = NO;
				DEBUG_INFORMATION_FORMAT = "dwarf-with-dsym";
				ENABLE_NS_ASSERTIONS = NO;
				ENABLE_STRICT_OBJC_MSGSEND = YES;
				GCC_C_LANGUAGE_STANDARD = gnu11;
				GCC_NO_COMMON_BLOCKS = YES;
				GCC_WARN_64_TO_32_BIT_CONVERSION = YES;
				GCC_WARN_ABOUT_RETURN_TYPE = YES_ERROR;
				GCC_WARN_UNDECLARED_SELECTOR = YES;
				GCC_WARN_UNINITIALIZED_AUTOS = YES_AGGRESSIVE;
				GCC_WARN_UNUSED_FUNCTION = YES;
				GCC_WARN_UNUSED_VARIABLE = YES;
				IPHONEOS_DEPLOYMENT_TARGET = 11.2;
				MTL_ENABLE_DEBUG_INFO = NO;
				SDKROOT = iphoneos;
				SWIFT_OPTIMIZATION_LEVEL = "-Owholemodule";
				VALIDATE_PRODUCT = YES;
			};
			name = Release;
		};
		AC3474E320B1BDC50053EAC3 /* Debug */ = {
			isa = XCBuildConfiguration;
			baseConfigurationReference = D4A8283B3F003F53787CA077 /* Pods-trial 3.debug.xcconfig */;
			buildSettings = {
				ASSETCATALOG_COMPILER_APPICON_NAME = AppIcon;
				CODE_SIGN_STYLE = Automatic;
				DEVELOPMENT_TEAM = 8QEZ7W968S;
				INFOPLIST_FILE = "trial 3/Info.plist";
				IPHONEOS_DEPLOYMENT_TARGET = 11.1;
				LD_RUNPATH_SEARCH_PATHS = "$(inherited) @executable_path/Frameworks";
				PRODUCT_BUNDLE_IDENTIFIER = com.gmail.cksscientificoutreachsociety.solta;
				PRODUCT_NAME = "$(TARGET_NAME)";
				SWIFT_VERSION = 4.0;
				TARGETED_DEVICE_FAMILY = "1,2";
			};
			name = Debug;
		};
		AC3474E420B1BDC50053EAC3 /* Release */ = {
			isa = XCBuildConfiguration;
			baseConfigurationReference = AEF5AC21B7F64BA0FCE0C95A /* Pods-trial 3.release.xcconfig */;
			buildSettings = {
				ASSETCATALOG_COMPILER_APPICON_NAME = AppIcon;
				CODE_SIGN_STYLE = Automatic;
				DEVELOPMENT_TEAM = 8QEZ7W968S;
				INFOPLIST_FILE = "trial 3/Info.plist";
				IPHONEOS_DEPLOYMENT_TARGET = 11.1;
				LD_RUNPATH_SEARCH_PATHS = "$(inherited) @executable_path/Frameworks";
				PRODUCT_BUNDLE_IDENTIFIER = com.gmail.cksscientificoutreachsociety.solta;
				PRODUCT_NAME = "$(TARGET_NAME)";
				SWIFT_VERSION = 4.0;
				TARGETED_DEVICE_FAMILY = "1,2";
			};
			name = Release;
		};
/* End XCBuildConfiguration section */

/* Begin XCConfigurationList section */
		AC3474B520B1BDC40053EAC3 /* Build configuration list for PBXProject "Final App" */ = {
			isa = XCConfigurationList;
			buildConfigurations = (
				AC3474E020B1BDC50053EAC3 /* Debug */,
				AC3474E120B1BDC50053EAC3 /* Release */,
			);
			defaultConfigurationIsVisible = 0;
			defaultConfigurationName = Release;
		};
		AC3474E220B1BDC50053EAC3 /* Build configuration list for PBXNativeTarget "trial 3" */ = {
			isa = XCConfigurationList;
			buildConfigurations = (
				AC3474E320B1BDC50053EAC3 /* Debug */,
				AC3474E420B1BDC50053EAC3 /* Release */,
			);
			defaultConfigurationIsVisible = 0;
			defaultConfigurationName = Release;
		};
/* End XCConfigurationList section */
	};
	rootObject = AC3474B220B1BDC40053EAC3 /* Project object */;
}
